{
  "name": "@adoratorio/apollo",
  "version": "2.1.15",
  "lockfileVersion": 3,
  "requires": true,
  "packages": {
    "": {
      "name": "@adoratorio/apollo",
      "version": "2.1.15",
      "license": "MIT",
      "dependencies": {
        "@adoratorio/aion": "^0.3.3"
      },
      "devDependencies": {
        "typescript": "^3.3.3333"
      }
    },
    "node_modules/@adoratorio/aion": {
      "version": "0.3.3",
      "resolved": "https://registry.npmjs.org/@adoratorio/aion/-/aion-0.3.3.tgz",
      "integrity": "sha512-uuD4EwX6S6EmLMvEf+E+riH+d1Zbz5xu7svF8nhAlquRj0xMQPIZH9GiE/kuY1rtD54JMYbQ0+S/0bdVZhw1ww=="
    },
    "node_modules/typescript": {
      "version": "3.3.3333",
      "resolved": "https://registry.npmjs.org/typescript/-/typescript-3.3.3333.tgz",
      "integrity": "sha512-JjSKsAfuHBE/fB2oZ8NxtRTk5iGcg6hkYXMnZ3Wc+b2RSqejEqTaem11mHASMnFilHrax3sLK0GDzcJrekZYLw==",
      "dev": true,
      "bin": {
        "tsc": "bin/tsc",
        "tsserver": "bin/tsserver"
      },
      "engines": {
        "node": ">=4.2.0"
      }
    }
  }
}
