{
  "name": "@adoratorio/apollo",
  "version": "3.0.22",
  "lockfileVersion": 3,
  "requires": true,
  "packages": {
    "": {
      "name": "@adoratorio/apollo",
      "version": "3.0.22",
      "license": "MIT",
      "dependencies": {
        "@adoratorio/aion": "^0.3.3",
        "@adoratorio/apollo": "^3.0.22"
      },
      "devDependencies": {
        "typescript": "^5.8.3"
      }
    },
    "node_modules/@adoratorio/aion": {
      "version": "0.3.3",
      "resolved": "https://registry.npmjs.org/@adoratorio/aion/-/aion-0.3.3.tgz",
      "integrity": "sha512-uuD4EwX6S6EmLMvEf+E+riH+d1Zbz5xu7svF8nhAlquRj0xMQPIZH9GiE/kuY1rtD54JMYbQ0+S/0bdVZhw1ww=="
    },
    "node_modules/@adoratorio/apollo": {
      "version": "3.0.22",
      "resolved": "https://registry.npmjs.org/@adoratorio/apollo/-/apollo-3.0.22.tgz",
      "integrity": "sha512-E63dJcis1ha9F3hRyU6TwMUINQ/XVVj1Xsgl8msbztKVH3lKit6L6lM9RAzPgSBGtZOsgBy/DWFnF/+ZX1L7mg==",
      "license": "MIT",
      "dependencies": {
        "@adoratorio/aion": "^0.3.3"
      }
    },
    "node_modules/typescript": {
      "version": "5.8.3",
      "resolved": "https://registry.npmjs.org/typescript/-/typescript-5.8.3.tgz",
      "integrity": "sha512-p1diW6TqL9L07nNxvRMM7hMMw4c5XOo/1ibL4aAIGmSAt9slTE1Xgw5KWuof2uTOvCg9BY7ZRi+GaF+7sfgPeQ==",
      "dev": true,
      "license": "Apache-2.0",
      "bin": {
        "tsc": "bin/tsc",
        "tsserver": "bin/tsserver"
      },
      "engines": {
        "node": ">=14.17"
      }
    }
  }
}
